
Microsoft Visual Studio Solution File, Format Version 12.00
# Visual Studio 15
VisualStudioVersion = 15.0.28010.2041
MinimumVisualStudioVersion = 10.0.40219.1
Project("{FAE04EC0-301F-11D3-BF4B-00C04F79EFBC}") = "InternetConnectionType", "InternetConnectionType\InternetConnectionType.csproj", "{F2D59CE6-3221-4D4E-99C6-3283B5BB9AA8}"
EndProject
Global
	GlobalSection(SolutionConfigurationPlatforms) = preSolution
		Debug|Any CPU = Debug|Any CPU
		Release|Any CPU = Release|Any CPU
	EndGlobalSection
	GlobalSection(ProjectConfigurationPlatforms) = postSolution
		{F2D59CE6-3221-4D4E-99C6-3283B5BB9AA8}.Debug|Any CPU.ActiveCfg = Debug|Any CPU
		{F2D59CE6-3221-4D4E-99C6-3283B5BB9AA8}.Debug|Any CPU.Build.0 = Debug|Any CPU
		{F2D59CE6-3221-4D4E-99C6-3283B5BB9AA8}.Release|Any CPU.ActiveCfg = Release|Any CPU
		{F2D59CE6-3221-4D4E-99C6-3283B5BB9AA8}.Release|Any CPU.Build.0 = Release|Any CPU
	EndGlobalSection
	GlobalSection(SolutionProperties) = preSolution
		HideSolutionNode = FALSE
	EndGlobalSection
	GlobalSection(ExtensibilityGlobals) = postSolution
		SolutionGuid = {7FA33DC2-F90C-4FAE-9D91-BD9F6103A071}
	EndGlobalSection
EndGlobal
