
Microsoft Visual Studio Solution File, Format Version 12.00
# Visual Studio 15
VisualStudioVersion = 15.0.28010.2036
MinimumVisualStudioVersion = 10.0.40219.1
Project("{FAE04EC0-301F-11D3-BF4B-00C04F79EFBC}") = "WifiPassword", "WifiPassword\WifiPassword.csproj", "{E72AA99E-DDA2-471F-AD88-9B0D6D94CE3A}"
EndProject
Global
	GlobalSection(SolutionConfigurationPlatforms) = preSolution
		Debug|Any CPU = Debug|Any CPU
		Release|Any CPU = Release|Any CPU
	EndGlobalSection
	GlobalSection(ProjectConfigurationPlatforms) = postSolution
		{E72AA99E-DDA2-471F-AD88-9B0D6D94CE3A}.Debug|Any CPU.ActiveCfg = Debug|Any CPU
		{E72AA99E-DDA2-471F-AD88-9B0D6D94CE3A}.Debug|Any CPU.Build.0 = Debug|Any CPU
		{E72AA99E-DDA2-471F-AD88-9B0D6D94CE3A}.Release|Any CPU.ActiveCfg = Release|Any CPU
		{E72AA99E-DDA2-471F-AD88-9B0D6D94CE3A}.Release|Any CPU.Build.0 = Release|Any CPU
	EndGlobalSection
	GlobalSection(SolutionProperties) = preSolution
		HideSolutionNode = FALSE
	EndGlobalSection
	GlobalSection(ExtensibilityGlobals) = postSolution
		SolutionGuid = {6FDBD818-BD55-44C1-A54D-2B9EBE4BC0EC}
	EndGlobalSection
EndGlobal
